
Microsoft Visual Studio Solution File, Format Version 12.00
# Visual Studio 15
VisualStudioVersion = 15.0.28010.2036
MinimumVisualStudioVersion = 10.0.40219.1
Project("{8BC9CEB8-8B4A-11D0-8D11-00A0C91BC942}") = "qustate", "qustate\qustate.vcxproj", "{8A6B5CC4-3F07-4878-99C1-FCFC7ABCEEB3}"
EndProject
Global
	GlobalSection(SolutionConfigurationPlatforms) = preSolution
		Debug|x64 = Debug|x64
		Release|x64 = Release|x64
	EndGlobalSection
	GlobalSection(ProjectConfigurationPlatforms) = postSolution
		{8A6B5CC4-3F07-4878-99C1-FCFC7ABCEEB3}.Debug|x64.ActiveCfg = Debug|x64
		{8A6B5CC4-3F07-4878-99C1-FCFC7ABCEEB3}.Debug|x64.Build.0 = Debug|x64
		{8A6B5CC4-3F07-4878-99C1-FCFC7ABCEEB3}.Release|x64.ActiveCfg = Release|x64
		{8A6B5CC4-3F07-4878-99C1-FCFC7ABCEEB3}.Release|x64.Build.0 = Release|x64
	EndGlobalSection
	GlobalSection(SolutionProperties) = preSolution
		HideSolutionNode = FALSE
	EndGlobalSection
	GlobalSection(ExtensibilityGlobals) = postSolution
		SolutionGuid = {F262A6B0-AE4F-41DA-8D08-9CCE0D104E53}
	EndGlobalSection
EndGlobal
