<?xml version="1.0" encoding="utf-8"?>
<Project ToolsVersion="4.0" xmlns="http://schemas.microsoft.com/developer/msbuild/2003">
  <ItemGroup>
    <ClCompile Include="qustate.cpp" />
    <ClCompile Include="vec.cpp" />
  </ItemGroup>
  <ItemGroup>
    <CudaCompile Include="qustate.cu" />
  </ItemGroup>
  <ItemGroup>
    <ClInclude Include="resource.h" />
    <ClInclude Include="qustate.h" />
  </ItemGroup>
  <ItemGroup>
    <ResourceCompile Include="qustate.rc" />
  </ItemGroup>
</Project>